// !$*UTF8*$!
{
	archiveVersion = 1;
	classes = {
	};
	objectVersion = 77;
	objects = {

/* Begin PBXContainerItemProxy section */
		143F72E72D0F650F00AF8341 /* PBXContainerItemProxy */ = {
			isa = PBXContainerItemProxy;
			containerPortal = 143F72CE2D0F650C00AF8341 /* Project object */;
			proxyType = 1;
			remoteGlobalIDString = 143F72D52D0F650C00AF8341;
			remoteInfo = "hesap makinesi swiftui";
		};
		143F72F12D0F650F00AF8341 /* PBXContainerItemProxy */ = {
			isa = PBXContainerItemProxy;
			containerPortal = 143F72CE2D0F650C00AF8341 /* Project object */;
			proxyType = 1;
			remoteGlobalIDString = 143F72D52D0F650C00AF8341;
			remoteInfo = "hesap makinesi swiftui";
		};
/* End PBXContainerItemProxy section */

/* Begin PBXFileReference section */
		143F72D62D0F650C00AF8341 /* hesap makinesi swiftui.app */ = {isa = PBXFileReference; explicitFileType = wrapper.application; includeInIndex = 0; path = "hesap makinesi swiftui.app"; sourceTree = BUILT_PRODUCTS_DIR; };
		143F72E62D0F650F00AF8341 /* hesap makinesi swiftuiTests.xctest */ = {isa = PBXFileReference; explicitFileType = wrapper.cfbundle; includeInIndex = 0; path = "hesap makinesi swiftuiTests.xctest"; sourceTree = BUILT_PRODUCTS_DIR; };
		143F72F02D0F650F00AF8341 /* hesap makinesi swiftuiUITests.xctest */ = {isa = PBXFileReference; explicitFileType = wrapper.cfbundle; includeInIndex = 0; path = "hesap makinesi swiftuiUITests.xctest"; sourceTree = BUILT_PRODUCTS_DIR; };
/* End PBXFileReference section */

/* Begin PBXFileSystemSynchronizedRootGroup section */
		143F72D82D0F650C00AF8341 /* hesap makinesi swiftui */ = {
			isa = PBXFileSystemSynchronizedRootGroup;
			path = "hesap makinesi swiftui";
			sourceTree = "<group>";
		};
		143F72E92D0F650F00AF8341 /* hesap makinesi swiftuiTests */ = {
			isa = PBXFileSystemSynchronizedRootGroup;
			path = "hesap makinesi swiftuiTests";
			sourceTree = "<group>";
		};
		143F72F32D0F650F00AF8341 /* hesap makinesi swiftuiUITests */ = {
			isa = PBXFileSystemSynchronizedRootGroup;
			path = "hesap makinesi swiftuiUITests";
			sourceTree = "<group>";
		};
/* End PBXFileSystemSynchronizedRootGroup section */

/* Begin PBXFrameworksBuildPhase section */
		143F72D32D0F650C00AF8341 /* Frameworks */ = {
			isa = PBXFrameworksBuildPhase;
			buildActionMask = 2147483647;
			files = (
			);
			runOnlyForDeploymentPostprocessing = 0;
		};
		143F72E32D0F650F00AF8341 /* Frameworks */ = {
			isa = PBXFrameworksBuildPhase;
			buildActionMask = 2147483647;
			files = (
			);
			runOnlyForDeploymentPostprocessing = 0;
		};
		143F72ED2D0F650F00AF8341 /* Frameworks */ = {
			isa = PBXFrameworksBuildPhase;
			buildActionMask = 2147483647;
			files = (
			);
			runOnlyForDeploymentPostprocessing = 0;
		};
/* End PBXFrameworksBuildPhase section */

/* Begin PBXGroup section */
		143F72CD2D0F650C00AF8341 = {
			isa = PBXGroup;
			children = (
				143F72D82D0F650C00AF8341 /* hesap makinesi swiftui */,
				143F72E92D0F650F00AF8341 /* hesap makinesi swiftuiTests */,
				143F72F32D0F650F00AF8341 /* hesap makinesi swiftuiUITests */,
				143F72D72D0F650C00AF8341 /* Products */,
			);
			sourceTree = "<group>";
		};
		143F72D72D0F650C00AF8341 /* Products */ = {
			isa = PBXGroup;
			children = (
				143F72D62D0F650C00AF8341 /* hesap makinesi swiftui.app */,
				143F72E62D0F650F00AF8341 /* hesap makinesi swiftuiTests.xctest */,
				143F72F02D0F650F00AF8341 /* hesap makinesi swiftuiUITests.xctest */,
			);
			name = Products;
			sourceTree = "<group>";
		};
/* End PBXGroup section */

/* Begin PBXNativeTarget section */
		143F72D52D0F650C00AF8341 /* hesap makinesi swiftui */ = {
			isa = PBXNativeTarget;
			buildConfigurationList = 143F72FA2D0F650F00AF8341 /* Build configuration list for PBXNativeTarget "hesap makinesi swiftui" */;
			buildPhases = (
				143F72D22D0F650C00AF8341 /* Sources */,
				143F72D32D0F650C00AF8341 /* Frameworks */,
				143F72D42D0F650C00AF8341 /* Resources */,
			);
			buildRules = (
			);
			dependencies = (
			);
			fileSystemSynchronizedGroups = (
				143F72D82D0F650C00AF8341 /* hesap makinesi swiftui */,
			);
			name = "hesap makinesi swiftui";
			packageProductDependencies = (
			);
			productName = "hesap makinesi swiftui";
			productReference = 143F72D62D0F650C00AF8341 /* hesap makinesi swiftui.app */;
			productType = "com.apple.product-type.application";
		};
		143F72E52D0F650F00AF8341 /* hesap makinesi swiftuiTests */ = {
			isa = PBXNativeTarget;
			buildConfigurationList = 143F72FD2D0F650F00AF8341 /* Build configuration list for PBXNativeTarget "hesap makinesi swiftuiTests" */;
			buildPhases = (
				143F72E22D0F650F00AF8341 /* Sources */,
				143F72E32D0F650F00AF8341 /* Frameworks */,
				143F72E42D0F650F00AF8341 /* Resources */,
			);
			buildRules = (
			);
			dependencies = (
				143F72E82D0F650F00AF8341 /* PBXTargetDependency */,
			);
			fileSystemSynchronizedGroups = (
				143F72E92D0F650F00AF8341 /* hesap makinesi swiftuiTests */,
			);
			name = "hesap makinesi swiftuiTests";
			packageProductDependencies = (
			);
			productName = "hesap makinesi swiftuiTests";
			productReference = 143F72E62D0F650F00AF8341 /* hesap makinesi swiftuiTests.xctest */;
			productType = "com.apple.product-type.bundle.unit-test";
		};
		143F72EF2D0F650F00AF8341 /* hesap makinesi swiftuiUITests */ = {
			isa = PBXNativeTarget;
			buildConfigurationList = 143F73002D0F650F00AF8341 /* Build configuration list for PBXNativeTarget "hesap makinesi swiftuiUITests" */;
			buildPhases = (
				143F72EC2D0F650F00AF8341 /* Sources */,
				143F72ED2D0F650F00AF8341 /* Frameworks */,
				143F72EE2D0F650F00AF8341 /* Resources */,
			);
			buildRules = (
			);
			dependencies = (
				143F72F22D0F650F00AF8341 /* PBXTargetDependency */,
			);
			fileSystemSynchronizedGroups = (
				143F72F32D0F650F00AF8341 /* hesap makinesi swiftuiUITests */,
			);
			name = "hesap makinesi swiftuiUITests";
			packageProductDependencies = (
			);
			productName = "hesap makinesi swiftuiUITests";
			productReference = 143F72F02D0F650F00AF8341 /* hesap makinesi swiftuiUITests.xctest */;
			productType = "com.apple.product-type.bundle.ui-testing";
		};
/* End PBXNativeTarget section */

/* Begin PBXProject section */
		143F72CE2D0F650C00AF8341 /* Project object */ = {
			isa = PBXProject;
			attributes = {
				BuildIndependentTargetsInParallel = 1;
				LastSwiftUpdateCheck = 1610;
				LastUpgradeCheck = 1610;
				TargetAttributes = {
					143F72D52D0F650C00AF8341 = {
						CreatedOnToolsVersion = 16.1;
					};
					143F72E52D0F650F00AF8341 = {
						CreatedOnToolsVersion = 16.1;
						TestTargetID = 143F72D52D0F650C00AF8341;
					};
					143F72EF2D0F650F00AF8341 = {
						CreatedOnToolsVersion = 16.1;
						TestTargetID = 143F72D52D0F650C00AF8341;
					};
				};
			};
			buildConfigurationList = 143F72D12D0F650C00AF8341 /* Build configuration list for PBXProject "hesap makinesi swiftui" */;
			developmentRegion = en;
			hasScannedForEncodings = 0;
			knownRegions = (
				en,
				Base,
			);
			mainGroup = 143F72CD2D0F650C00AF8341;
			minimizedProjectReferenceProxies = 1;
			preferredProjectObjectVersion = 77;
			productRefGroup = 143F72D72D0F650C00AF8341 /* Products */;
			projectDirPath = "";
			projectRoot = "";
			targets = (
				143F72D52D0F650C00AF8341 /* hesap makinesi swiftui */,
				143F72E52D0F650F00AF8341 /* hesap makinesi swiftuiTests */,
				143F72EF2D0F650F00AF8341 /* hesap makinesi swiftuiUITests */,
			);
		};
/* End PBXProject section */

/* Begin PBXResourcesBuildPhase section */
		143F72D42D0F650C00AF8341 /* Resources */ = {
			isa = PBXResourcesBuildPhase;
			buildActionMask = 2147483647;
			files = (
			);
			runOnlyForDeploymentPostprocessing = 0;
		};
		143F72E42D0F650F00AF8341 /* Resources */ = {
			isa = PBXResourcesBuildPhase;
			buildActionMask = 2147483647;
			files = (
			);
			runOnlyForDeploymentPostprocessing = 0;
		};
		143F72EE2D0F650F00AF8341 /* Resources */ = {
			isa = PBXResourcesBuildPhase;
			buildActionMask = 2147483647;
			files = (
			);
			runOnlyForDeploymentPostprocessing = 0;
		};
/* End PBXResourcesBuildPhase section */

/* Begin PBXSourcesBuildPhase section */
		143F72D22D0F650C00AF8341 /* Sources */ = {
			isa = PBXSourcesBuildPhase;
			buildActionMask = 2147483647;
			files = (
			);
			runOnlyForDeploymentPostprocessing = 0;
		};
		143F72E22D0F650F00AF8341 /* Sources */ = {
			isa = PBXSourcesBuildPhase;
			buildActionMask = 2147483647;
			files = (
			);
			runOnlyForDeploymentPostprocessing = 0;
		};
		143F72EC2D0F650F00AF8341 /* Sources */ = {
			isa = PBXSourcesBuildPhase;
			buildActionMask = 2147483647;
			files = (
			);
			runOnlyForDeploymentPostprocessing = 0;
		};
/* End PBXSourcesBuildPhase section */

/* Begin PBXTargetDependency section */
		143F72E82D0F650F00AF8341 /* PBXTargetDependency */ = {
			isa = PBXTargetDependency;
			target = 143F72D52D0F650C00AF8341 /* hesap makinesi swiftui */;
			targetProxy = 143F72E72D0F650F00AF8341 /* PBXContainerItemProxy */;
		};
		143F72F22D0F650F00AF8341 /* PBXTargetDependency */ = {
			isa = PBXTargetDependency;
			target = 143F72D52D0F650C00AF8341 /* hesap makinesi swiftui */;
			targetProxy = 143F72F12D0F650F00AF8341 /* PBXContainerItemProxy */;
		};
/* End PBXTargetDependency section */

/* Begin XCBuildConfiguration section */
		143F72F82D0F650F00AF8341 /* Debug */ = {
			isa = XCBuildConfiguration;
			buildSettings = {
				ALWAYS_SEARCH_USER_PATHS = NO;
				ASSETCATALOG_COMPILER_GENERATE_SWIFT_ASSET_SYMBOL_EXTENSIONS = YES;
				CLANG_ANALYZER_NONNULL = YES;
				CLANG_ANALYZER_NUMBER_OBJECT_CONVERSION = YES_AGGRESSIVE;
				CLANG_CXX_LANGUAGE_STANDARD = "gnu++20";
				CLANG_ENABLE_MODULES = YES;
				CLANG_ENABLE_OBJC_ARC = YES;
				CLANG_ENABLE_OBJC_WEAK = YES;
				CLANG_WARN_BLOCK_CAPTURE_AUTORELEASING = YES;
				CLANG_WARN_BOOL_CONVERSION = YES;
				CLANG_WARN_COMMA = YES;
				CLANG_WARN_CONSTANT_CONVERSION = YES;
				CLANG_WARN_DEPRECATED_OBJC_IMPLEMENTATIONS = YES;
				CLANG_WARN_DIRECT_OBJC_ISA_USAGE = YES_ERROR;
				CLANG_WARN_DOCUMENTATION_COMMENTS = YES;
				CLANG_WARN_EMPTY_BODY = YES;
				CLANG_WARN_ENUM_CONVERSION = YES;
				CLANG_WARN_INFINITE_RECURSION = YES;
				CLANG_WARN_INT_CONVERSION = YES;
				CLANG_WARN_NON_LITERAL_NULL_CONVERSION = YES;
				CLANG_WARN_OBJC_IMPLICIT_RETAIN_SELF = YES;
				CLANG_WARN_OBJC_LITERAL_CONVERSION = YES;
				CLANG_WARN_OBJC_ROOT_CLASS = YES_ERROR;
				CLANG_WARN_QUOTED_INCLUDE_IN_FRAMEWORK_HEADER = YES;
				CLANG_WARN_RANGE_LOOP_ANALYSIS = YES;
				CLANG_WARN_STRICT_PROTOTYPES = YES;
				CLANG_WARN_SUSPICIOUS_MOVE = YES;
				CLANG_WARN_UNGUARDED_AVAILABILITY = YES_AGGRESSIVE;
				CLANG_WARN_UNREACHABLE_CODE = YES;
				CLANG_WARN__DUPLICATE_METHOD_MATCH = YES;
				COPY_PHASE_STRIP = NO;
				DEBUG_INFORMATION_FORMAT = dwarf;
				ENABLE_STRICT_OBJC_MSGSEND = YES;
				ENABLE_TESTABILITY = YES;
				ENABLE_USER_SCRIPT_SANDBOXING = YES;
				GCC_C_LANGUAGE_STANDARD = gnu17;
				GCC_DYNAMIC_NO_PIC = NO;
				GCC_NO_COMMON_BLOCKS = YES;
				GCC_OPTIMIZATION_LEVEL = 0;
				GCC_PREPROCESSOR_DEFINITIONS = (
					"DEBUG=1",
					"$(inherited)",
				);
				GCC_WARN_64_TO_32_BIT_CONVERSION = YES;
				GCC_WARN_ABOUT_RETURN_TYPE = YES_ERROR;
				GCC_WARN_UNDECLARED_SELECTOR = YES;
				GCC_WARN_UNINITIALIZED_AUTOS = YES_AGGRESSIVE;
				GCC_WARN_UNUSED_FUNCTION = YES;
				GCC_WARN_UNUSED_VARIABLE = YES;
				IPHONEOS_DEPLOYMENT_TARGET = 18.1;
				LOCALIZATION_PREFERS_STRING_CATALOGS = YES;
				MTL_ENABLE_DEBUG_INFO = INCLUDE_SOURCE;
				MTL_FAST_MATH = YES;
				ONLY_ACTIVE_ARCH = YES;
				SDKROOT = iphoneos;
				SWIFT_ACTIVE_COMPILATION_CONDITIONS = "DEBUG $(inherited)";
				SWIFT_OPTIMIZATION_LEVEL = "-Onone";
			};
			name = Debug;
		};
		143F72F92D0F650F00AF8341 /* Release */ = {
			isa = XCBuildConfiguration;
			buildSettings = {
				ALWAYS_SEARCH_USER_PATHS = NO;
				ASSETCATALOG_COMPILER_GENERATE_SWIFT_ASSET_SYMBOL_EXTENSIONS = YES;
				CLANG_ANALYZER_NONNULL = YES;
				CLANG_ANALYZER_NUMBER_OBJECT_CONVERSION = YES_AGGRESSIVE;
				CLANG_CXX_LANGUAGE_STANDARD = "gnu++20";
				CLANG_ENABLE_MODULES = YES;
				CLANG_ENABLE_OBJC_ARC = YES;
				CLANG_ENABLE_OBJC_WEAK = YES;
				CLANG_WARN_BLOCK_CAPTURE_AUTORELEASING = YES;
				CLANG_WARN_BOOL_CONVERSION = YES;
				CLANG_WARN_COMMA = YES;
				CLANG_WARN_CONSTANT_CONVERSION = YES;
				CLANG_WARN_DEPRECATED_OBJC_IMPLEMENTATIONS = YES;
				CLANG_WARN_DIRECT_OBJC_ISA_USAGE = YES_ERROR;
				CLANG_WARN_DOCUMENTATION_COMMENTS = YES;
				CLANG_WARN_EMPTY_BODY = YES;
				CLANG_WARN_ENUM_CONVERSION = YES;
				CLANG_WARN_INFINITE_RECURSION = YES;
				CLANG_WARN_INT_CONVERSION = YES;
				CLANG_WARN_NON_LITERAL_NULL_CONVERSION = YES;
				CLANG_WARN_OBJC_IMPLICIT_RETAIN_SELF = YES;
				CLANG_WARN_OBJC_LITERAL_CONVERSION = YES;
				CLANG_WARN_OBJC_ROOT_CLASS = YES_ERROR;
				CLANG_WARN_QUOTED_INCLUDE_IN_FRAMEWORK_HEADER = YES;
				CLANG_WARN_RANGE_LOOP_ANALYSIS = YES;
				CLANG_WARN_STRICT_PROTOTYPES = YES;
				CLANG_WARN_SUSPICIOUS_MOVE = YES;
				CLANG_WARN_UNGUARDED_AVAILABILITY = YES_AGGRESSIVE;
				CLANG_WARN_UNREACHABLE_CODE = YES;
				CLANG_WARN__DUPLICATE_METHOD_MATCH = YES;
				COPY_PHASE_STRIP = NO;
				DEBUG_INFORMATION_FORMAT = "dwarf-with-dsym";
				ENABLE_NS_ASSERTIONS = NO;
				ENABLE_STRICT_OBJC_MSGSEND = YES;
				ENABLE_USER_SCRIPT_SANDBOXING = YES;
				GCC_C_LANGUAGE_STANDARD = gnu17;
				GCC_NO_COMMON_BLOCKS = YES;
				GCC_WARN_64_TO_32_BIT_CONVERSION = YES;
				GCC_WARN_ABOUT_RETURN_TYPE = YES_ERROR;
				GCC_WARN_UNDECLARED_SELECTOR = YES;
				GCC_WARN_UNINITIALIZED_AUTOS = YES_AGGRESSIVE;
				GCC_WARN_UNUSED_FUNCTION = YES;
				GCC_WARN_UNUSED_VARIABLE = YES;
				IPHONEOS_DEPLOYMENT_TARGET = 18.1;
				LOCALIZATION_PREFERS_STRING_CATALOGS = YES;
				MTL_ENABLE_DEBUG_INFO = NO;
				MTL_FAST_MATH = YES;
				SDKROOT = iphoneos;
				SWIFT_COMPILATION_MODE = wholemodule;
				VALIDATE_PRODUCT = YES;
			};
			name = Release;
		};
		143F72FB2D0F650F00AF8341 /* Debug */ = {
			isa = XCBuildConfiguration;
			buildSettings = {
				ASSETCATALOG_COMPILER_APPICON_NAME = AppIcon;
				ASSETCATALOG_COMPILER_GLOBAL_ACCENT_COLOR_NAME = AccentColor;
				CODE_SIGN_STYLE = Automatic;
				CURRENT_PROJECT_VERSION = 1;
				DEVELOPMENT_ASSET_PATHS = "\"hesap makinesi swiftui/Preview Content\"";
				ENABLE_PREVIEWS = YES;
				GENERATE_INFOPLIST_FILE = YES;
				INFOPLIST_KEY_UIApplicationSceneManifest_Generation = YES;
				INFOPLIST_KEY_UIApplicationSupportsIndirectInputEvents = YES;
				INFOPLIST_KEY_UILaunchScreen_Generation = YES;
				INFOPLIST_KEY_UISupportedInterfaceOrientations_iPad = "UIInterfaceOrientationPortrait UIInterfaceOrientationPortraitUpsideDown UIInterfaceOrientationLandscapeLeft UIInterfaceOrientationLandscapeRight";
				INFOPLIST_KEY_UISupportedInterfaceOrientations_iPhone = "UIInterfaceOrientationPortrait UIInterfaceOrientationLandscapeLeft UIInterfaceOrientationLandscapeRight";
				LD_RUNPATH_SEARCH_PATHS = (
					"$(inherited)",
					"@executable_path/Frameworks",
				);
				MARKETING_VERSION = 1.0;
				PRODUCT_BUNDLE_IDENTIFIER = "Poyraz.hesap-makinesi-swiftui";
				PRODUCT_NAME = "$(TARGET_NAME)";
				SWIFT_EMIT_LOC_STRINGS = YES;
				SWIFT_VERSION = 5.0;
				TARGETED_DEVICE_FAMILY = "1,2";
			};
			name = Debug;
		};
		143F72FC2D0F650F00AF8341 /* Release */ = {
			isa = XCBuildConfiguration;
			buildSettings = {
				ASSETCATALOG_COMPILER_APPICON_NAME = AppIcon;
				ASSETCATALOG_COMPILER_GLOBAL_ACCENT_COLOR_NAME = AccentColor;
				CODE_SIGN_STYLE = Automatic;
				CURRENT_PROJECT_VERSION = 1;
				DEVELOPMENT_ASSET_PATHS = "\"hesap makinesi swiftui/Preview Content\"";
				ENABLE_PREVIEWS = YES;
				GENERATE_INFOPLIST_FILE = YES;
				INFOPLIST_KEY_UIApplicationSceneManifest_Generation = YES;
				INFOPLIST_KEY_UIApplicationSupportsIndirectInputEvents = YES;
				INFOPLIST_KEY_UILaunchScreen_Generation = YES;
				INFOPLIST_KEY_UISupportedInterfaceOrientations_iPad = "UIInterfaceOrientationPortrait UIInterfaceOrientationPortraitUpsideDown UIInterfaceOrientationLandscapeLeft UIInterfaceOrientationLandscapeRight";
				INFOPLIST_KEY_UISupportedInterfaceOrientations_iPhone = "UIInterfaceOrientationPortrait UIInterfaceOrientationLandscapeLeft UIInterfaceOrientationLandscapeRight";
				LD_RUNPATH_SEARCH_PATHS = (
					"$(inherited)",
					"@executable_path/Frameworks",
				);
				MARKETING_VERSION = 1.0;
				PRODUCT_BUNDLE_IDENTIFIER = "Poyraz.hesap-makinesi-swiftui";
				PRODUCT_NAME = "$(TARGET_NAME)";
				SWIFT_EMIT_LOC_STRINGS = YES;
				SWIFT_VERSION = 5.0;
				TARGETED_DEVICE_FAMILY = "1,2";
			};
			name = Release;
		};
		143F72FE2D0F650F00AF8341 /* Debug */ = {
			isa = XCBuildConfiguration;
			buildSettings = {
				BUNDLE_LOADER = "$(TEST_HOST)";
				CODE_SIGN_STYLE = Automatic;
				CURRENT_PROJECT_VERSION = 1;
				GENERATE_INFOPLIST_FILE = YES;
				IPHONEOS_DEPLOYMENT_TARGET = 18.1;
				MARKETING_VERSION = 1.0;
				PRODUCT_BUNDLE_IDENTIFIER = "Poyraz.hesap-makinesi-swiftuiTests";
				PRODUCT_NAME = "$(TARGET_NAME)";
				SWIFT_EMIT_LOC_STRINGS = NO;
				SWIFT_VERSION = 5.0;
				TARGETED_DEVICE_FAMILY = "1,2";
				TEST_HOST = "$(BUILT_PRODUCTS_DIR)/hesap makinesi swiftui.app/$(BUNDLE_EXECUTABLE_FOLDER_PATH)/hesap makinesi swiftui";
			};
			name = Debug;
		};
		143F72FF2D0F650F00AF8341 /* Release */ = {
			isa = XCBuildConfiguration;
			buildSettings = {
				BUNDLE_LOADER = "$(TEST_HOST)";
				CODE_SIGN_STYLE = Automatic;
				CURRENT_PROJECT_VERSION = 1;
				GENERATE_INFOPLIST_FILE = YES;
				IPHONEOS_DEPLOYMENT_TARGET = 18.1;
				MARKETING_VERSION = 1.0;
				PRODUCT_BUNDLE_IDENTIFIER = "Poyraz.hesap-makinesi-swiftuiTests";
				PRODUCT_NAME = "$(TARGET_NAME)";
				SWIFT_EMIT_LOC_STRINGS = NO;
				SWIFT_VERSION = 5.0;
				TARGETED_DEVICE_FAMILY = "1,2";
				TEST_HOST = "$(BUILT_PRODUCTS_DIR)/hesap makinesi swiftui.app/$(BUNDLE_EXECUTABLE_FOLDER_PATH)/hesap makinesi swiftui";
			};
			name = Release;
		};
		143F73012D0F650F00AF8341 /* Debug */ = {
			isa = XCBuildConfiguration;
			buildSettings = {
				CODE_SIGN_STYLE = Automatic;
				CURRENT_PROJECT_VERSION = 1;
				GENERATE_INFOPLIST_FILE = YES;
				MARKETING_VERSION = 1.0;
				PRODUCT_BUNDLE_IDENTIFIER = "Poyraz.hesap-makinesi-swiftuiUITests";
				PRODUCT_NAME = "$(TARGET_NAME)";
				SWIFT_EMIT_LOC_STRINGS = NO;
				SWIFT_VERSION = 5.0;
				TARGETED_DEVICE_FAMILY = "1,2";
				TEST_TARGET_NAME = "hesap makinesi swiftui";
			};
			name = Debug;
		};
		143F73022D0F650F00AF8341 /* Release */ = {
			isa = XCBuildConfiguration;
			buildSettings = {
				CODE_SIGN_STYLE = Automatic;
				CURRENT_PROJECT_VERSION = 1;
				GENERATE_INFOPLIST_FILE = YES;
				MARKETING_VERSION = 1.0;
				PRODUCT_BUNDLE_IDENTIFIER = "Poyraz.hesap-makinesi-swiftuiUITests";
				PRODUCT_NAME = "$(TARGET_NAME)";
				SWIFT_EMIT_LOC_STRINGS = NO;
				SWIFT_VERSION = 5.0;
				TARGETED_DEVICE_FAMILY = "1,2";
				TEST_TARGET_NAME = "hesap makinesi swiftui";
			};
			name = Release;
		};
/* End XCBuildConfiguration section */

/* Begin XCConfigurationList section */
		143F72D12D0F650C00AF8341 /* Build configuration list for PBXProject "hesap makinesi swiftui" */ = {
			isa = XCConfigurationList;
			buildConfigurations = (
				143F72F82D0F650F00AF8341 /* Debug */,
				143F72F92D0F650F00AF8341 /* Release */,
			);
			defaultConfigurationIsVisible = 0;
			defaultConfigurationName = Release;
		};
		143F72FA2D0F650F00AF8341 /* Build configuration list for PBXNativeTarget "hesap makinesi swiftui" */ = {
			isa = XCConfigurationList;
			buildConfigurations = (
				143F72FB2D0F650F00AF8341 /* Debug */,
				143F72FC2D0F650F00AF8341 /* Release */,
			);
			defaultConfigurationIsVisible = 0;
			defaultConfigurationName = Release;
		};
		143F72FD2D0F650F00AF8341 /* Build configuration list for PBXNativeTarget "hesap makinesi swiftuiTests" */ = {
			isa = XCConfigurationList;
			buildConfigurations = (
				143F72FE2D0F650F00AF8341 /* Debug */,
				143F72FF2D0F650F00AF8341 /* Release */,
			);
			defaultConfigurationIsVisible = 0;
			defaultConfigurationName = Release;
		};
		143F73002D0F650F00AF8341 /* Build configuration list for PBXNativeTarget "hesap makinesi swiftuiUITests" */ = {
			isa = XCConfigurationList;
			buildConfigurations = (
				143F73012D0F650F00AF8341 /* Debug */,
				143F73022D0F650F00AF8341 /* Release */,
			);
			defaultConfigurationIsVisible = 0;
			defaultConfigurationName = Release;
		};
/* End XCConfigurationList section */
	};
	rootObject = 143F72CE2D0F650C00AF8341 /* Project object */;
}
